
Microsoft Visual Studio Solution File, Format Version 12.00
# Visual Studio Version 17
VisualStudioVersion = 17.14.36221.1 d17.14
MinimumVisualStudioVersion = 10.0.40219.1
Project("{888888A0-9F3D-457C-B088-3A5042F75D52}") = "SpaceInvadersPy", "SpaceInvadersPy.pyproj", "{5FB81F8F-B3AF-4A14-8F33-C430BDFE5CAC}"
EndProject
Global
	GlobalSection(SolutionConfigurationPlatforms) = preSolution
		Debug|Any CPU = Debug|Any CPU
		Release|Any CPU = Release|Any CPU
	EndGlobalSection
	GlobalSection(ProjectConfigurationPlatforms) = postSolution
		{5FB81F8F-B3AF-4A14-8F33-C430BDFE5CAC}.Debug|Any CPU.ActiveCfg = Debug|Any CPU
		{5FB81F8F-B3AF-4A14-8F33-C430BDFE5CAC}.Release|Any CPU.ActiveCfg = Release|Any CPU
	EndGlobalSection
	GlobalSection(SolutionProperties) = preSolution
		HideSolutionNode = FALSE
	EndGlobalSection
	GlobalSection(ExtensibilityGlobals) = postSolution
		SolutionGuid = {8832BE0B-EF3B-4633-8BA3-780637AED958}
	EndGlobalSection
EndGlobal
